// !$*UTF8*$!
{
	archiveVersion = 1;
	classes = {
	};
	objectVersion = 50;
	objects = {

/* Begin PBXBuildFile section */
		DA03DFB2246E136E00DAF9DB /* ExpenseDetailView.swift in Sources */ = {isa = PBXBuildFile; fileRef = DA03DFB1246E136E00DAF9DB /* ExpenseDetailView.swift */; };
		DA03DFB5246E161B00DAF9DB /* LowExpenseStyle.swift in Sources */ = {isa = PBXBuildFile; fileRef = DA03DFB4246E161B00DAF9DB /* LowExpenseStyle.swift */; };
		DA03DFB7246E162A00DAF9DB /* MedExpenseStyle.swift in Sources */ = {isa = PBXBuildFile; fileRef = DA03DFB6246E162A00DAF9DB /* MedExpenseStyle.swift */; };
		DA03DFB9246E163700DAF9DB /* HighExpenseStyle.swift in Sources */ = {isa = PBXBuildFile; fileRef = DA03DFB8246E163700DAF9DB /* HighExpenseStyle.swift */; };
		DA150D47246DFD2700152220 /* ExpenseItem.swift in Sources */ = {isa = PBXBuildFile; fileRef = DA150D46246DFD2700152220 /* ExpenseItem.swift */; };
		DA150D49246DFD5600152220 /* Expenses.swift in Sources */ = {isa = PBXBuildFile; fileRef = DA150D48246DFD5600152220 /* Expenses.swift */; };
		DA150D4B246E031B00152220 /* AddView.swift in Sources */ = {isa = PBXBuildFile; fileRef = DA150D4A246E031B00152220 /* AddView.swift */; };
		DA86B994246E1C6A0002E5C7 /* View+Extension.swift in Sources */ = {isa = PBXBuildFile; fileRef = DA86B993246E1C6A0002E5C7 /* View+Extension.swift */; };
		DAC33E5F246DEFA70080A09C /* AppDelegate.swift in Sources */ = {isa = PBXBuildFile; fileRef = DAC33E5E246DEFA70080A09C /* AppDelegate.swift */; };
		DAC33E61246DEFA70080A09C /* SceneDelegate.swift in Sources */ = {isa = PBXBuildFile; fileRef = DAC33E60246DEFA70080A09C /* SceneDelegate.swift */; };
		DAC33E64246DEFA70080A09C /* iExpense.xcdatamodeld in Sources */ = {isa = PBXBuildFile; fileRef = DAC33E62246DEFA70080A09C /* iExpense.xcdatamodeld */; };
		DAC33E66246DEFA70080A09C /* ContentView.swift in Sources */ = {isa = PBXBuildFile; fileRef = DAC33E65246DEFA70080A09C /* ContentView.swift */; };
		DAC33E68246DEFA80080A09C /* Assets.xcassets in Resources */ = {isa = PBXBuildFile; fileRef = DAC33E67246DEFA80080A09C /* Assets.xcassets */; };
		DAC33E6B246DEFA80080A09C /* Preview Assets.xcassets in Resources */ = {isa = PBXBuildFile; fileRef = DAC33E6A246DEFA80080A09C /* Preview Assets.xcassets */; };
		DAC33E6E246DEFA80080A09C /* LaunchScreen.storyboard in Resources */ = {isa = PBXBuildFile; fileRef = DAC33E6C246DEFA80080A09C /* LaunchScreen.storyboard */; };
		DAC33E79246DEFA80080A09C /* iExpenseTests.swift in Sources */ = {isa = PBXBuildFile; fileRef = DAC33E78246DEFA80080A09C /* iExpenseTests.swift */; };
		DACACB58246E09540041ADCE /* UserDefaults+Extension.swift in Sources */ = {isa = PBXBuildFile; fileRef = DACACB57246E09540041ADCE /* UserDefaults+Extension.swift */; };
/* End PBXBuildFile section */

/* Begin PBXContainerItemProxy section */
		DAC33E75246DEFA80080A09C /* PBXContainerItemProxy */ = {
			isa = PBXContainerItemProxy;
			containerPortal = DAC33E53246DEFA70080A09C /* Project object */;
			proxyType = 1;
			remoteGlobalIDString = DAC33E5A246DEFA70080A09C;
			remoteInfo = iExpense;
		};
/* End PBXContainerItemProxy section */

/* Begin PBXFileReference section */
		DA03DFB1246E136E00DAF9DB /* ExpenseDetailView.swift */ = {isa = PBXFileReference; lastKnownFileType = sourcecode.swift; path = ExpenseDetailView.swift; sourceTree = "<group>"; };
		DA03DFB4246E161B00DAF9DB /* LowExpenseStyle.swift */ = {isa = PBXFileReference; lastKnownFileType = sourcecode.swift; path = LowExpenseStyle.swift; sourceTree = "<group>"; };
		DA03DFB6246E162A00DAF9DB /* MedExpenseStyle.swift */ = {isa = PBXFileReference; lastKnownFileType = sourcecode.swift; path = MedExpenseStyle.swift; sourceTree = "<group>"; };
		DA03DFB8246E163700DAF9DB /* HighExpenseStyle.swift */ = {isa = PBXFileReference; lastKnownFileType = sourcecode.swift; path = HighExpenseStyle.swift; sourceTree = "<group>"; };
		DA150D46246DFD2700152220 /* ExpenseItem.swift */ = {isa = PBXFileReference; lastKnownFileType = sourcecode.swift; path = ExpenseItem.swift; sourceTree = "<group>"; };
		DA150D48246DFD5600152220 /* Expenses.swift */ = {isa = PBXFileReference; lastKnownFileType = sourcecode.swift; path = Expenses.swift; sourceTree = "<group>"; };
		DA150D4A246E031B00152220 /* AddView.swift */ = {isa = PBXFileReference; lastKnownFileType = sourcecode.swift; path = AddView.swift; sourceTree = "<group>"; };
		DA86B993246E1C6A0002E5C7 /* View+Extension.swift */ = {isa = PBXFileReference; lastKnownFileType = sourcecode.swift; path = "View+Extension.swift"; sourceTree = "<group>"; };
		DAC33E5B246DEFA70080A09C /* iExpense.app */ = {isa = PBXFileReference; explicitFileType = wrapper.application; includeInIndex = 0; path = iExpense.app; sourceTree = BUILT_PRODUCTS_DIR; };
		DAC33E5E246DEFA70080A09C /* AppDelegate.swift */ = {isa = PBXFileReference; lastKnownFileType = sourcecode.swift; path = AppDelegate.swift; sourceTree = "<group>"; };
		DAC33E60246DEFA70080A09C /* SceneDelegate.swift */ = {isa = PBXFileReference; lastKnownFileType = sourcecode.swift; path = SceneDelegate.swift; sourceTree = "<group>"; };
		DAC33E63246DEFA70080A09C /* iExpense.xcdatamodel */ = {isa = PBXFileReference; lastKnownFileType = wrapper.xcdatamodel; path = iExpense.xcdatamodel; sourceTree = "<group>"; };
		DAC33E65246DEFA70080A09C /* ContentView.swift */ = {isa = PBXFileReference; lastKnownFileType = sourcecode.swift; path = ContentView.swift; sourceTree = "<group>"; };
		DAC33E67246DEFA80080A09C /* Assets.xcassets */ = {isa = PBXFileReference; lastKnownFileType = folder.assetcatalog; path = Assets.xcassets; sourceTree = "<group>"; };
		DAC33E6A246DEFA80080A09C /* Preview Assets.xcassets */ = {isa = PBXFileReference; lastKnownFileType = folder.assetcatalog; path = "Preview Assets.xcassets"; sourceTree = "<group>"; };
		DAC33E6D246DEFA80080A09C /* Base */ = {isa = PBXFileReference; lastKnownFileType = file.storyboard; name = Base; path = Base.lproj/LaunchScreen.storyboard; sourceTree = "<group>"; };
		DAC33E6F246DEFA80080A09C /* Info.plist */ = {isa = PBXFileReference; lastKnownFileType = text.plist.xml; path = Info.plist; sourceTree = "<group>"; };
		DAC33E74246DEFA80080A09C /* iExpenseTests.xctest */ = {isa = PBXFileReference; explicitFileType = wrapper.cfbundle; includeInIndex = 0; path = iExpenseTests.xctest; sourceTree = BUILT_PRODUCTS_DIR; };
		DAC33E78246DEFA80080A09C /* iExpenseTests.swift */ = {isa = PBXFileReference; lastKnownFileType = sourcecode.swift; path = iExpenseTests.swift; sourceTree = "<group>"; };
		DAC33E7A246DEFA80080A09C /* Info.plist */ = {isa = PBXFileReference; lastKnownFileType = text.plist.xml; path = Info.plist; sourceTree = "<group>"; };
		DACACB57246E09540041ADCE /* UserDefaults+Extension.swift */ = {isa = PBXFileReference; lastKnownFileType = sourcecode.swift; path = "UserDefaults+Extension.swift"; sourceTree = "<group>"; };
/* End PBXFileReference section */

/* Begin PBXFrameworksBuildPhase section */
		DAC33E58246DEFA70080A09C /* Frameworks */ = {
			isa = PBXFrameworksBuildPhase;
			buildActionMask = 2147483647;
			files = (
			);
			runOnlyForDeploymentPostprocessing = 0;
		};
		DAC33E71246DEFA80080A09C /* Frameworks */ = {
			isa = PBXFrameworksBuildPhase;
			buildActionMask = 2147483647;
			files = (
			);
			runOnlyForDeploymentPostprocessing = 0;
		};
/* End PBXFrameworksBuildPhase section */

/* Begin PBXGroup section */
		DA03DFB3246E160000DAF9DB /* ViewModifiers */ = {
			isa = PBXGroup;
			children = (
				DA03DFB4246E161B00DAF9DB /* LowExpenseStyle.swift */,
				DA03DFB6246E162A00DAF9DB /* MedExpenseStyle.swift */,
				DA03DFB8246E163700DAF9DB /* HighExpenseStyle.swift */,
			);
			path = ViewModifiers;
			sourceTree = "<group>";
		};
		DAC33E52246DEFA70080A09C = {
			isa = PBXGroup;
			children = (
				DAC33E5D246DEFA70080A09C /* iExpense */,
				DAC33E77246DEFA80080A09C /* iExpenseTests */,
				DAC33E5C246DEFA70080A09C /* Products */,
			);
			sourceTree = "<group>";
		};
		DAC33E5C246DEFA70080A09C /* Products */ = {
			isa = PBXGroup;
			children = (
				DAC33E5B246DEFA70080A09C /* iExpense.app */,
				DAC33E74246DEFA80080A09C /* iExpenseTests.xctest */,
			);
			name = Products;
			sourceTree = "<group>";
		};
		DAC33E5D246DEFA70080A09C /* iExpense */ = {
			isa = PBXGroup;
			children = (
				DACACB56246E093D0041ADCE /* Extensions */,
				DAC33E85246DF0A60080A09C /* Resources */,
				DAC33E84246DF0970080A09C /* DataLayer */,
				DAC33E83246DF08A0080A09C /* ViewLayer */,
				DAC33E5E246DEFA70080A09C /* AppDelegate.swift */,
				DAC33E60246DEFA70080A09C /* SceneDelegate.swift */,
				DAC33E6F246DEFA80080A09C /* Info.plist */,
			);
			path = iExpense;
			sourceTree = "<group>";
		};
		DAC33E69246DEFA80080A09C /* Preview Content */ = {
			isa = PBXGroup;
			children = (
				DAC33E6A246DEFA80080A09C /* Preview Assets.xcassets */,
			);
			path = "Preview Content";
			sourceTree = "<group>";
		};
		DAC33E77246DEFA80080A09C /* iExpenseTests */ = {
			isa = PBXGroup;
			children = (
				DAC33E78246DEFA80080A09C /* iExpenseTests.swift */,
				DAC33E7A246DEFA80080A09C /* Info.plist */,
			);
			path = iExpenseTests;
			sourceTree = "<group>";
		};
		DAC33E83246DF08A0080A09C /* ViewLayer */ = {
			isa = PBXGroup;
			children = (
				DA03DFB3246E160000DAF9DB /* ViewModifiers */,
				DAC33E6C246DEFA80080A09C /* LaunchScreen.storyboard */,
				DAC33E65246DEFA70080A09C /* ContentView.swift */,
				DA150D4A246E031B00152220 /* AddView.swift */,
				DA03DFB1246E136E00DAF9DB /* ExpenseDetailView.swift */,
			);
			path = ViewLayer;
			sourceTree = "<group>";
		};
		DAC33E84246DF0970080A09C /* DataLayer */ = {
			isa = PBXGroup;
			children = (
				DAC33E62246DEFA70080A09C /* iExpense.xcdatamodeld */,
				DA150D46246DFD2700152220 /* ExpenseItem.swift */,
				DA150D48246DFD5600152220 /* Expenses.swift */,
			);
			path = DataLayer;
			sourceTree = "<group>";
		};
		DAC33E85246DF0A60080A09C /* Resources */ = {
			isa = PBXGroup;
			children = (
				DAC33E69246DEFA80080A09C /* Preview Content */,
				DAC33E67246DEFA80080A09C /* Assets.xcassets */,
			);
			path = Resources;
			sourceTree = "<group>";
		};
		DACACB56246E093D0041ADCE /* Extensions */ = {
			isa = PBXGroup;
			children = (
				DACACB57246E09540041ADCE /* UserDefaults+Extension.swift */,
				DA86B993246E1C6A0002E5C7 /* View+Extension.swift */,
			);
			path = Extensions;
			sourceTree = "<group>";
		};
/* End PBXGroup section */

/* Begin PBXNativeTarget section */
		DAC33E5A246DEFA70080A09C /* iExpense */ = {
			isa = PBXNativeTarget;
			buildConfigurationList = DAC33E7D246DEFA80080A09C /* Build configuration list for PBXNativeTarget "iExpense" */;
			buildPhases = (
				DAC33E57246DEFA70080A09C /* Sources */,
				DAC33E58246DEFA70080A09C /* Frameworks */,
				DAC33E59246DEFA70080A09C /* Resources */,
			);
			buildRules = (
			);
			dependencies = (
			);
			name = iExpense;
			productName = iExpense;
			productReference = DAC33E5B246DEFA70080A09C /* iExpense.app */;
			productType = "com.apple.product-type.application";
		};
		DAC33E73246DEFA80080A09C /* iExpenseTests */ = {
			isa = PBXNativeTarget;
			buildConfigurationList = DAC33E80246DEFA80080A09C /* Build configuration list for PBXNativeTarget "iExpenseTests" */;
			buildPhases = (
				DAC33E70246DEFA80080A09C /* Sources */,
				DAC33E71246DEFA80080A09C /* Frameworks */,
				DAC33E72246DEFA80080A09C /* Resources */,
			);
			buildRules = (
			);
			dependencies = (
				DAC33E76246DEFA80080A09C /* PBXTargetDependency */,
			);
			name = iExpenseTests;
			productName = iExpenseTests;
			productReference = DAC33E74246DEFA80080A09C /* iExpenseTests.xctest */;
			productType = "com.apple.product-type.bundle.unit-test";
		};
/* End PBXNativeTarget section */

/* Begin PBXProject section */
		DAC33E53246DEFA70080A09C /* Project object */ = {
			isa = PBXProject;
			attributes = {
				LastSwiftUpdateCheck = 1140;
				LastUpgradeCheck = 1140;
				ORGANIZATIONNAME = "Josh Franco";
				TargetAttributes = {
					DAC33E5A246DEFA70080A09C = {
						CreatedOnToolsVersion = 11.4.1;
					};
					DAC33E73246DEFA80080A09C = {
						CreatedOnToolsVersion = 11.4.1;
						TestTargetID = DAC33E5A246DEFA70080A09C;
					};
				};
			};
			buildConfigurationList = DAC33E56246DEFA70080A09C /* Build configuration list for PBXProject "iExpense" */;
			compatibilityVersion = "Xcode 9.3";
			developmentRegion = en;
			hasScannedForEncodings = 0;
			knownRegions = (
				en,
				Base,
			);
			mainGroup = DAC33E52246DEFA70080A09C;
			productRefGroup = DAC33E5C246DEFA70080A09C /* Products */;
			projectDirPath = "";
			projectRoot = "";
			targets = (
				DAC33E5A246DEFA70080A09C /* iExpense */,
				DAC33E73246DEFA80080A09C /* iExpenseTests */,
			);
		};
/* End PBXProject section */

/* Begin PBXResourcesBuildPhase section */
		DAC33E59246DEFA70080A09C /* Resources */ = {
			isa = PBXResourcesBuildPhase;
			buildActionMask = 2147483647;
			files = (
				DAC33E6E246DEFA80080A09C /* LaunchScreen.storyboard in Resources */,
				DAC33E6B246DEFA80080A09C /* Preview Assets.xcassets in Resources */,
				DAC33E68246DEFA80080A09C /* Assets.xcassets in Resources */,
			);
			runOnlyForDeploymentPostprocessing = 0;
		};
		DAC33E72246DEFA80080A09C /* Resources */ = {
			isa = PBXResourcesBuildPhase;
			buildActionMask = 2147483647;
			files = (
			);
			runOnlyForDeploymentPostprocessing = 0;
		};
/* End PBXResourcesBuildPhase section */

/* Begin PBXSourcesBuildPhase section */
		DAC33E57246DEFA70080A09C /* Sources */ = {
			isa = PBXSourcesBuildPhase;
			buildActionMask = 2147483647;
			files = (
				DA03DFB2246E136E00DAF9DB /* ExpenseDetailView.swift in Sources */,
				DA150D4B246E031B00152220 /* AddView.swift in Sources */,
				DA03DFB9246E163700DAF9DB /* HighExpenseStyle.swift in Sources */,
				DA150D49246DFD5600152220 /* Expenses.swift in Sources */,
				DAC33E64246DEFA70080A09C /* iExpense.xcdatamodeld in Sources */,
				DAC33E5F246DEFA70080A09C /* AppDelegate.swift in Sources */,
				DA03DFB5246E161B00DAF9DB /* LowExpenseStyle.swift in Sources */,
				DA150D47246DFD2700152220 /* ExpenseItem.swift in Sources */,
				DA03DFB7246E162A00DAF9DB /* MedExpenseStyle.swift in Sources */,
				DAC33E66246DEFA70080A09C /* ContentView.swift in Sources */,
				DA86B994246E1C6A0002E5C7 /* View+Extension.swift in Sources */,
				DACACB58246E09540041ADCE /* UserDefaults+Extension.swift in Sources */,
				DAC33E61246DEFA70080A09C /* SceneDelegate.swift in Sources */,
			);
			runOnlyForDeploymentPostprocessing = 0;
		};
		DAC33E70246DEFA80080A09C /* Sources */ = {
			isa = PBXSourcesBuildPhase;
			buildActionMask = 2147483647;
			files = (
				DAC33E79246DEFA80080A09C /* iExpenseTests.swift in Sources */,
			);
			runOnlyForDeploymentPostprocessing = 0;
		};
/* End PBXSourcesBuildPhase section */

/* Begin PBXTargetDependency section */
		DAC33E76246DEFA80080A09C /* PBXTargetDependency */ = {
			isa = PBXTargetDependency;
			target = DAC33E5A246DEFA70080A09C /* iExpense */;
			targetProxy = DAC33E75246DEFA80080A09C /* PBXContainerItemProxy */;
		};
/* End PBXTargetDependency section */

/* Begin PBXVariantGroup section */
		DAC33E6C246DEFA80080A09C /* LaunchScreen.storyboard */ = {
			isa = PBXVariantGroup;
			children = (
				DAC33E6D246DEFA80080A09C /* Base */,
			);
			name = LaunchScreen.storyboard;
			sourceTree = "<group>";
		};
/* End PBXVariantGroup section */

/* Begin XCBuildConfiguration section */
		DAC33E7B246DEFA80080A09C /* Debug */ = {
			isa = XCBuildConfiguration;
			buildSettings = {
				ALWAYS_SEARCH_USER_PATHS = NO;
				CLANG_ANALYZER_NONNULL = YES;
				CLANG_ANALYZER_NUMBER_OBJECT_CONVERSION = YES_AGGRESSIVE;
				CLANG_CXX_LANGUAGE_STANDARD = "gnu++14";
				CLANG_CXX_LIBRARY = "libc++";
				CLANG_ENABLE_MODULES = YES;
				CLANG_ENABLE_OBJC_ARC = YES;
				CLANG_ENABLE_OBJC_WEAK = YES;
				CLANG_WARN_BLOCK_CAPTURE_AUTORELEASING = YES;
				CLANG_WARN_BOOL_CONVERSION = YES;
				CLANG_WARN_COMMA = YES;
				CLANG_WARN_CONSTANT_CONVERSION = YES;
				CLANG_WARN_DEPRECATED_OBJC_IMPLEMENTATIONS = YES;
				CLANG_WARN_DIRECT_OBJC_ISA_USAGE = YES_ERROR;
				CLANG_WARN_DOCUMENTATION_COMMENTS = YES;
				CLANG_WARN_EMPTY_BODY = YES;
				CLANG_WARN_ENUM_CONVERSION = YES;
				CLANG_WARN_INFINITE_RECURSION = YES;
				CLANG_WARN_INT_CONVERSION = YES;
				CLANG_WARN_NON_LITERAL_NULL_CONVERSION = YES;
				CLANG_WARN_OBJC_IMPLICIT_RETAIN_SELF = YES;
				CLANG_WARN_OBJC_LITERAL_CONVERSION = YES;
				CLANG_WARN_OBJC_ROOT_CLASS = YES_ERROR;
				CLANG_WARN_RANGE_LOOP_ANALYSIS = YES;
				CLANG_WARN_STRICT_PROTOTYPES = YES;
				CLANG_WARN_SUSPICIOUS_MOVE = YES;
				CLANG_WARN_UNGUARDED_AVAILABILITY = YES_AGGRESSIVE;
				CLANG_WARN_UNREACHABLE_CODE = YES;
				CLANG_WARN__DUPLICATE_METHOD_MATCH = YES;
				COPY_PHASE_STRIP = NO;
				DEBUG_INFORMATION_FORMAT = dwarf;
				ENABLE_STRICT_OBJC_MSGSEND = YES;
				ENABLE_TESTABILITY = YES;
				GCC_C_LANGUAGE_STANDARD = gnu11;
				GCC_DYNAMIC_NO_PIC = NO;
				GCC_NO_COMMON_BLOCKS = YES;
				GCC_OPTIMIZATION_LEVEL = 0;
				GCC_PREPROCESSOR_DEFINITIONS = (
					"DEBUG=1",
					"$(inherited)",
				);
				GCC_WARN_64_TO_32_BIT_CONVERSION = YES;
				GCC_WARN_ABOUT_RETURN_TYPE = YES_ERROR;
				GCC_WARN_UNDECLARED_SELECTOR = YES;
				GCC_WARN_UNINITIALIZED_AUTOS = YES_AGGRESSIVE;
				GCC_WARN_UNUSED_FUNCTION = YES;
				GCC_WARN_UNUSED_VARIABLE = YES;
				IPHONEOS_DEPLOYMENT_TARGET = 13.4;
				MTL_ENABLE_DEBUG_INFO = INCLUDE_SOURCE;
				MTL_FAST_MATH = YES;
				ONLY_ACTIVE_ARCH = YES;
				SDKROOT = iphoneos;
				SWIFT_ACTIVE_COMPILATION_CONDITIONS = DEBUG;
				SWIFT_OPTIMIZATION_LEVEL = "-Onone";
			};
			name = Debug;
		};
		DAC33E7C246DEFA80080A09C /* Release */ = {
			isa = XCBuildConfiguration;
			buildSettings = {
				ALWAYS_SEARCH_USER_PATHS = NO;
				CLANG_ANALYZER_NONNULL = YES;
				CLANG_ANALYZER_NUMBER_OBJECT_CONVERSION = YES_AGGRESSIVE;
				CLANG_CXX_LANGUAGE_STANDARD = "gnu++14";
				CLANG_CXX_LIBRARY = "libc++";
				CLANG_ENABLE_MODULES = YES;
				CLANG_ENABLE_OBJC_ARC = YES;
				CLANG_ENABLE_OBJC_WEAK = YES;
				CLANG_WARN_BLOCK_CAPTURE_AUTORELEASING = YES;
				CLANG_WARN_BOOL_CONVERSION = YES;
				CLANG_WARN_COMMA = YES;
				CLANG_WARN_CONSTANT_CONVERSION = YES;
				CLANG_WARN_DEPRECATED_OBJC_IMPLEMENTATIONS = YES;
				CLANG_WARN_DIRECT_OBJC_ISA_USAGE = YES_ERROR;
				CLANG_WARN_DOCUMENTATION_COMMENTS = YES;
				CLANG_WARN_EMPTY_BODY = YES;
				CLANG_WARN_ENUM_CONVERSION = YES;
				CLANG_WARN_INFINITE_RECURSION = YES;
				CLANG_WARN_INT_CONVERSION = YES;
				CLANG_WARN_NON_LITERAL_NULL_CONVERSION = YES;
				CLANG_WARN_OBJC_IMPLICIT_RETAIN_SELF = YES;
				CLANG_WARN_OBJC_LITERAL_CONVERSION = YES;
				CLANG_WARN_OBJC_ROOT_CLASS = YES_ERROR;
				CLANG_WARN_RANGE_LOOP_ANALYSIS = YES;
				CLANG_WARN_STRICT_PROTOTYPES = YES;
				CLANG_WARN_SUSPICIOUS_MOVE = YES;
				CLANG_WARN_UNGUARDED_AVAILABILITY = YES_AGGRESSIVE;
				CLANG_WARN_UNREACHABLE_CODE = YES;
				CLANG_WARN__DUPLICATE_METHOD_MATCH = YES;
				COPY_PHASE_STRIP = NO;
				DEBUG_INFORMATION_FORMAT = "dwarf-with-dsym";
				ENABLE_NS_ASSERTIONS = NO;
				ENABLE_STRICT_OBJC_MSGSEND = YES;
				GCC_C_LANGUAGE_STANDARD = gnu11;
				GCC_NO_COMMON_BLOCKS = YES;
				GCC_WARN_64_TO_32_BIT_CONVERSION = YES;
				GCC_WARN_ABOUT_RETURN_TYPE = YES_ERROR;
				GCC_WARN_UNDECLARED_SELECTOR = YES;
				GCC_WARN_UNINITIALIZED_AUTOS = YES_AGGRESSIVE;
				GCC_WARN_UNUSED_FUNCTION = YES;
				GCC_WARN_UNUSED_VARIABLE = YES;
				IPHONEOS_DEPLOYMENT_TARGET = 13.4;
				MTL_ENABLE_DEBUG_INFO = NO;
				MTL_FAST_MATH = YES;
				SDKROOT = iphoneos;
				SWIFT_COMPILATION_MODE = wholemodule;
				SWIFT_OPTIMIZATION_LEVEL = "-O";
				VALIDATE_PRODUCT = YES;
			};
			name = Release;
		};
		DAC33E7E246DEFA80080A09C /* Debug */ = {
			isa = XCBuildConfiguration;
			buildSettings = {
				ASSETCATALOG_COMPILER_APPICON_NAME = AppIcon;
				CODE_SIGN_STYLE = Automatic;
				DEVELOPMENT_ASSET_PATHS = "\"iExpense/Resources/Preview Content\"";
				ENABLE_PREVIEWS = YES;
				INFOPLIST_FILE = iExpense/Info.plist;
				LD_RUNPATH_SEARCH_PATHS = (
					"$(inherited)",
					"@executable_path/Frameworks",
				);
				PRODUCT_BUNDLE_IDENTIFIER = jsfranco.iExpense;
				PRODUCT_NAME = "$(TARGET_NAME)";
				SWIFT_VERSION = 5.0;
				TARGETED_DEVICE_FAMILY = "1,2";
			};
			name = Debug;
		};
		DAC33E7F246DEFA80080A09C /* Release */ = {
			isa = XCBuildConfiguration;
			buildSettings = {
				ASSETCATALOG_COMPILER_APPICON_NAME = AppIcon;
				CODE_SIGN_STYLE = Automatic;
				DEVELOPMENT_ASSET_PATHS = "\"iExpense/Resources/Preview Content\"";
				ENABLE_PREVIEWS = YES;
				INFOPLIST_FILE = iExpense/Info.plist;
				LD_RUNPATH_SEARCH_PATHS = (
					"$(inherited)",
					"@executable_path/Frameworks",
				);
				PRODUCT_BUNDLE_IDENTIFIER = jsfranco.iExpense;
				PRODUCT_NAME = "$(TARGET_NAME)";
				SWIFT_VERSION = 5.0;
				TARGETED_DEVICE_FAMILY = "1,2";
			};
			name = Release;
		};
		DAC33E81246DEFA80080A09C /* Debug */ = {
			isa = XCBuildConfiguration;
			buildSettings = {
				ALWAYS_EMBED_SWIFT_STANDARD_LIBRARIES = YES;
				BUNDLE_LOADER = "$(TEST_HOST)";
				CODE_SIGN_STYLE = Automatic;
				INFOPLIST_FILE = iExpenseTests/Info.plist;
				IPHONEOS_DEPLOYMENT_TARGET = 13.4;
				LD_RUNPATH_SEARCH_PATHS = (
					"$(inherited)",
					"@executable_path/Frameworks",
					"@loader_path/Frameworks",
				);
				PRODUCT_BUNDLE_IDENTIFIER = jsfranco.iExpenseTests;
				PRODUCT_NAME = "$(TARGET_NAME)";
				SWIFT_VERSION = 5.0;
				TARGETED_DEVICE_FAMILY = "1,2";
				TEST_HOST = "$(BUILT_PRODUCTS_DIR)/iExpense.app/iExpense";
			};
			name = Debug;
		};
		DAC33E82246DEFA80080A09C /* Release */ = {
			isa = XCBuildConfiguration;
			buildSettings = {
				ALWAYS_EMBED_SWIFT_STANDARD_LIBRARIES = YES;
				BUNDLE_LOADER = "$(TEST_HOST)";
				CODE_SIGN_STYLE = Automatic;
				INFOPLIST_FILE = iExpenseTests/Info.plist;
				IPHONEOS_DEPLOYMENT_TARGET = 13.4;
				LD_RUNPATH_SEARCH_PATHS = (
					"$(inherited)",
					"@executable_path/Frameworks",
					"@loader_path/Frameworks",
				);
				PRODUCT_BUNDLE_IDENTIFIER = jsfranco.iExpenseTests;
				PRODUCT_NAME = "$(TARGET_NAME)";
				SWIFT_VERSION = 5.0;
				TARGETED_DEVICE_FAMILY = "1,2";
				TEST_HOST = "$(BUILT_PRODUCTS_DIR)/iExpense.app/iExpense";
			};
			name = Release;
		};
/* End XCBuildConfiguration section */

/* Begin XCConfigurationList section */
		DAC33E56246DEFA70080A09C /* Build configuration list for PBXProject "iExpense" */ = {
			isa = XCConfigurationList;
			buildConfigurations = (
				DAC33E7B246DEFA80080A09C /* Debug */,
				DAC33E7C246DEFA80080A09C /* Release */,
			);
			defaultConfigurationIsVisible = 0;
			defaultConfigurationName = Release;
		};
		DAC33E7D246DEFA80080A09C /* Build configuration list for PBXNativeTarget "iExpense" */ = {
			isa = XCConfigurationList;
			buildConfigurations = (
				DAC33E7E246DEFA80080A09C /* Debug */,
				DAC33E7F246DEFA80080A09C /* Release */,
			);
			defaultConfigurationIsVisible = 0;
			defaultConfigurationName = Release;
		};
		DAC33E80246DEFA80080A09C /* Build configuration list for PBXNativeTarget "iExpenseTests" */ = {
			isa = XCConfigurationList;
			buildConfigurations = (
				DAC33E81246DEFA80080A09C /* Debug */,
				DAC33E82246DEFA80080A09C /* Release */,
			);
			defaultConfigurationIsVisible = 0;
			defaultConfigurationName = Release;
		};
/* End XCConfigurationList section */

/* Begin XCVersionGroup section */
		DAC33E62246DEFA70080A09C /* iExpense.xcdatamodeld */ = {
			isa = XCVersionGroup;
			children = (
				DAC33E63246DEFA70080A09C /* iExpense.xcdatamodel */,
			);
			currentVersion = DAC33E63246DEFA70080A09C /* iExpense.xcdatamodel */;
			path = iExpense.xcdatamodeld;
			sourceTree = "<group>";
			versionGroupType = wrapper.xcdatamodel;
		};
/* End XCVersionGroup section */
	};
	rootObject = DAC33E53246DEFA70080A09C /* Project object */;
}
